
Microsoft Visual Studio Solution File, Format Version 12.00
# Visual Studio Version 16
VisualStudioVersion = 16.0.32630.194
MinimumVisualStudioVersion = 10.0.40219.1
Project("{FAE04EC0-301F-11D3-BF4B-00C04F79EFBC}") = "TickTackToe-PvP", "TickTackToe-PvP\TickTackToe-PvP.csproj", "{A62F1B08-A2FB-407E-A410-44734F0FC462}"
EndProject
Global
	GlobalSection(SolutionConfigurationPlatforms) = preSolution
		Debug|Any CPU = Debug|Any CPU
		Release|Any CPU = Release|Any CPU
	EndGlobalSection
	GlobalSection(ProjectConfigurationPlatforms) = postSolution
		{A62F1B08-A2FB-407E-A410-44734F0FC462}.Debug|Any CPU.ActiveCfg = Debug|Any CPU
		{A62F1B08-A2FB-407E-A410-44734F0FC462}.Debug|Any CPU.Build.0 = Debug|Any CPU
		{A62F1B08-A2FB-407E-A410-44734F0FC462}.Release|Any CPU.ActiveCfg = Release|Any CPU
		{A62F1B08-A2FB-407E-A410-44734F0FC462}.Release|Any CPU.Build.0 = Release|Any CPU
	EndGlobalSection
	GlobalSection(SolutionProperties) = preSolution
		HideSolutionNode = FALSE
	EndGlobalSection
	GlobalSection(ExtensibilityGlobals) = postSolution
		SolutionGuid = {2987247B-78AE-4E3A-9259-18F9BE98824F}
	EndGlobalSection
EndGlobal
